# This file is automatically @generated by Cargo.
# It is not intended for manual editing.
version = 4

[[package]]
name = "subvol"
version = "0.1.0"
dependencies = [
 "urcu",
]

[[package]]
name = "urcu"
version = "0.0.4"
source = "registry+https://github.com/rust-lang/crates.io-index"
checksum = "7782291314102f3428ac56943245e36e2069162c1922f5ae1eb462447cec9f6b"
